// !$*UTF8*$!
{
	archiveVersion = 1;
	classes = {
	};
	objectVersion = 56;
	objects = {

/* Begin PBXBuildFile section */
		AEB59C6F2A9F15AD00EB1ECA /* JuiceMakerApp.swift in Sources */ = {isa = PBXBuildFile; fileRef = AEB59C6E2A9F15AD00EB1ECA /* JuiceMakerApp.swift */; };
		AEB59C712A9F15AD00EB1ECA /* JuiceMakerView.swift in Sources */ = {isa = PBXBuildFile; fileRef = AEB59C702A9F15AD00EB1ECA /* JuiceMakerView.swift */; };
		AEB59C732A9F15AE00EB1ECA /* Assets.xcassets in Resources */ = {isa = PBXBuildFile; fileRef = AEB59C722A9F15AE00EB1ECA /* Assets.xcassets */; };
		AEB59C762A9F15AE00EB1ECA /* Preview Assets.xcassets in Resources */ = {isa = PBXBuildFile; fileRef = AEB59C752A9F15AE00EB1ECA /* Preview Assets.xcassets */; };
		AEB59C7D2A9F15ED00EB1ECA /* Entity.swift in Sources */ = {isa = PBXBuildFile; fileRef = AEB59C7C2A9F15ED00EB1ECA /* Entity.swift */; };
		AEB59C872A9F19E900EB1ECA /* ComposableArchitecture in Frameworks */ = {isa = PBXBuildFile; productRef = AEB59C862A9F19E900EB1ECA /* ComposableArchitecture */; };
		AEB59C8B2AA9ED3200EB1ECA /* JuiceMaker.swift in Sources */ = {isa = PBXBuildFile; fileRef = AEB59C8A2AA9ED3200EB1ECA /* JuiceMaker.swift */; };
		AEB59C8D2AB074CB00EB1ECA /* FruitStoreView.swift in Sources */ = {isa = PBXBuildFile; fileRef = AEB59C8C2AB074CB00EB1ECA /* FruitStoreView.swift */; };
		AEB59C8F2AB07E0B00EB1ECA /* JuiceMenuView.swift in Sources */ = {isa = PBXBuildFile; fileRef = AEB59C8E2AB07E0B00EB1ECA /* JuiceMenuView.swift */; };
/* End PBXBuildFile section */

/* Begin PBXFileReference section */
		AEB59C6B2A9F15AD00EB1ECA /* JuiceMaker.app */ = {isa = PBXFileReference; explicitFileType = wrapper.application; includeInIndex = 0; path = JuiceMaker.app; sourceTree = BUILT_PRODUCTS_DIR; };
		AEB59C6E2A9F15AD00EB1ECA /* JuiceMakerApp.swift */ = {isa = PBXFileReference; lastKnownFileType = sourcecode.swift; path = JuiceMakerApp.swift; sourceTree = "<group>"; };
		AEB59C702A9F15AD00EB1ECA /* JuiceMakerView.swift */ = {isa = PBXFileReference; lastKnownFileType = sourcecode.swift; path = JuiceMakerView.swift; sourceTree = "<group>"; };
		AEB59C722A9F15AE00EB1ECA /* Assets.xcassets */ = {isa = PBXFileReference; lastKnownFileType = folder.assetcatalog; path = Assets.xcassets; sourceTree = "<group>"; };
		AEB59C752A9F15AE00EB1ECA /* Preview Assets.xcassets */ = {isa = PBXFileReference; lastKnownFileType = folder.assetcatalog; path = "Preview Assets.xcassets"; sourceTree = "<group>"; };
		AEB59C7C2A9F15ED00EB1ECA /* Entity.swift */ = {isa = PBXFileReference; lastKnownFileType = sourcecode.swift; path = Entity.swift; sourceTree = "<group>"; };
		AEB59C8A2AA9ED3200EB1ECA /* JuiceMaker.swift */ = {isa = PBXFileReference; lastKnownFileType = sourcecode.swift; path = JuiceMaker.swift; sourceTree = "<group>"; };
		AEB59C8C2AB074CB00EB1ECA /* FruitStoreView.swift */ = {isa = PBXFileReference; lastKnownFileType = sourcecode.swift; path = FruitStoreView.swift; sourceTree = "<group>"; };
		AEB59C8E2AB07E0B00EB1ECA /* JuiceMenuView.swift */ = {isa = PBXFileReference; lastKnownFileType = sourcecode.swift; path = JuiceMenuView.swift; sourceTree = "<group>"; };
/* End PBXFileReference section */

/* Begin PBXFrameworksBuildPhase section */
		AEB59C682A9F15AD00EB1ECA /* Frameworks */ = {
			isa = PBXFrameworksBuildPhase;
			buildActionMask = 2147483647;
			files = (
				AEB59C872A9F19E900EB1ECA /* ComposableArchitecture in Frameworks */,
			);
			runOnlyForDeploymentPostprocessing = 0;
		};
/* End PBXFrameworksBuildPhase section */

/* Begin PBXGroup section */
		AEB59C622A9F15AD00EB1ECA = {
			isa = PBXGroup;
			children = (
				AEB59C6D2A9F15AD00EB1ECA /* JuiceMaker */,
				AEB59C6C2A9F15AD00EB1ECA /* Products */,
			);
			sourceTree = "<group>";
		};
		AEB59C6C2A9F15AD00EB1ECA /* Products */ = {
			isa = PBXGroup;
			children = (
				AEB59C6B2A9F15AD00EB1ECA /* JuiceMaker.app */,
			);
			name = Products;
			sourceTree = "<group>";
		};
		AEB59C6D2A9F15AD00EB1ECA /* JuiceMaker */ = {
			isa = PBXGroup;
			children = (
				AEB59C6E2A9F15AD00EB1ECA /* JuiceMakerApp.swift */,
				AEB59C882A9F1ADB00EB1ECA /* Entity */,
				AEB59C892AA8548A00EB1ECA /* View */,
				AEB59C722A9F15AE00EB1ECA /* Assets.xcassets */,
				AEB59C742A9F15AE00EB1ECA /* Preview Content */,
			);
			path = JuiceMaker;
			sourceTree = "<group>";
		};
		AEB59C742A9F15AE00EB1ECA /* Preview Content */ = {
			isa = PBXGroup;
			children = (
				AEB59C752A9F15AE00EB1ECA /* Preview Assets.xcassets */,
			);
			path = "Preview Content";
			sourceTree = "<group>";
		};
		AEB59C882A9F1ADB00EB1ECA /* Entity */ = {
			isa = PBXGroup;
			children = (
				AEB59C7C2A9F15ED00EB1ECA /* Entity.swift */,
			);
			path = Entity;
			sourceTree = "<group>";
		};
		AEB59C892AA8548A00EB1ECA /* View */ = {
			isa = PBXGroup;
			children = (
				AEB59C8A2AA9ED3200EB1ECA /* JuiceMaker.swift */,
				AEB59C702A9F15AD00EB1ECA /* JuiceMakerView.swift */,
				AEB59C8C2AB074CB00EB1ECA /* FruitStoreView.swift */,
				AEB59C8E2AB07E0B00EB1ECA /* JuiceMenuView.swift */,
			);
			path = View;
			sourceTree = "<group>";
		};
/* End PBXGroup section */

/* Begin PBXNativeTarget section */
		AEB59C6A2A9F15AD00EB1ECA /* JuiceMaker */ = {
			isa = PBXNativeTarget;
			buildConfigurationList = AEB59C792A9F15AE00EB1ECA /* Build configuration list for PBXNativeTarget "JuiceMaker" */;
			buildPhases = (
				AEB59C672A9F15AD00EB1ECA /* Sources */,
				AEB59C682A9F15AD00EB1ECA /* Frameworks */,
				AEB59C692A9F15AD00EB1ECA /* Resources */,
			);
			buildRules = (
			);
			dependencies = (
			);
			name = JuiceMaker;
			packageProductDependencies = (
				AEB59C862A9F19E900EB1ECA /* ComposableArchitecture */,
			);
			productName = JuiceMaker;
			productReference = AEB59C6B2A9F15AD00EB1ECA /* JuiceMaker.app */;
			productType = "com.apple.product-type.application";
		};
/* End PBXNativeTarget section */

/* Begin PBXProject section */
		AEB59C632A9F15AD00EB1ECA /* Project object */ = {
			isa = PBXProject;
			attributes = {
				BuildIndependentTargetsInParallel = 1;
				LastSwiftUpdateCheck = 1420;
				LastUpgradeCheck = 1420;
				TargetAttributes = {
					AEB59C6A2A9F15AD00EB1ECA = {
						CreatedOnToolsVersion = 14.2;
					};
				};
			};
			buildConfigurationList = AEB59C662A9F15AD00EB1ECA /* Build configuration list for PBXProject "JuiceMaker" */;
			compatibilityVersion = "Xcode 14.0";
			developmentRegion = en;
			hasScannedForEncodings = 0;
			knownRegions = (
				en,
				Base,
			);
			mainGroup = AEB59C622A9F15AD00EB1ECA;
			packageReferences = (
				AEB59C852A9F19E900EB1ECA /* XCRemoteSwiftPackageReference "swift-composable-architecture" */,
			);
			productRefGroup = AEB59C6C2A9F15AD00EB1ECA /* Products */;
			projectDirPath = "";
			projectRoot = "";
			targets = (
				AEB59C6A2A9F15AD00EB1ECA /* JuiceMaker */,
			);
		};
/* End PBXProject section */

/* Begin PBXResourcesBuildPhase section */
		AEB59C692A9F15AD00EB1ECA /* Resources */ = {
			isa = PBXResourcesBuildPhase;
			buildActionMask = 2147483647;
			files = (
				AEB59C762A9F15AE00EB1ECA /* Preview Assets.xcassets in Resources */,
				AEB59C732A9F15AE00EB1ECA /* Assets.xcassets in Resources */,
			);
			runOnlyForDeploymentPostprocessing = 0;
		};
/* End PBXResourcesBuildPhase section */

/* Begin PBXSourcesBuildPhase section */
		AEB59C672A9F15AD00EB1ECA /* Sources */ = {
			isa = PBXSourcesBuildPhase;
			buildActionMask = 2147483647;
			files = (
				AEB59C7D2A9F15ED00EB1ECA /* Entity.swift in Sources */,
				AEB59C712A9F15AD00EB1ECA /* JuiceMakerView.swift in Sources */,
				AEB59C8F2AB07E0B00EB1ECA /* JuiceMenuView.swift in Sources */,
				AEB59C6F2A9F15AD00EB1ECA /* JuiceMakerApp.swift in Sources */,
				AEB59C8D2AB074CB00EB1ECA /* FruitStoreView.swift in Sources */,
				AEB59C8B2AA9ED3200EB1ECA /* JuiceMaker.swift in Sources */,
			);
			runOnlyForDeploymentPostprocessing = 0;
		};
/* End PBXSourcesBuildPhase section */

/* Begin XCBuildConfiguration section */
		AEB59C772A9F15AE00EB1ECA /* Debug */ = {
			isa = XCBuildConfiguration;
			buildSettings = {
				ALWAYS_SEARCH_USER_PATHS = NO;
				CLANG_ANALYZER_NONNULL = YES;
				CLANG_ANALYZER_NUMBER_OBJECT_CONVERSION = YES_AGGRESSIVE;
				CLANG_CXX_LANGUAGE_STANDARD = "gnu++20";
				CLANG_ENABLE_MODULES = YES;
				CLANG_ENABLE_OBJC_ARC = YES;
				CLANG_ENABLE_OBJC_WEAK = YES;
				CLANG_WARN_BLOCK_CAPTURE_AUTORELEASING = YES;
				CLANG_WARN_BOOL_CONVERSION = YES;
				CLANG_WARN_COMMA = YES;
				CLANG_WARN_CONSTANT_CONVERSION = YES;
				CLANG_WARN_DEPRECATED_OBJC_IMPLEMENTATIONS = YES;
				CLANG_WARN_DIRECT_OBJC_ISA_USAGE = YES_ERROR;
				CLANG_WARN_DOCUMENTATION_COMMENTS = YES;
				CLANG_WARN_EMPTY_BODY = YES;
				CLANG_WARN_ENUM_CONVERSION = YES;
				CLANG_WARN_INFINITE_RECURSION = YES;
				CLANG_WARN_INT_CONVERSION = YES;
				CLANG_WARN_NON_LITERAL_NULL_CONVERSION = YES;
				CLANG_WARN_OBJC_IMPLICIT_RETAIN_SELF = YES;
				CLANG_WARN_OBJC_LITERAL_CONVERSION = YES;
				CLANG_WARN_OBJC_ROOT_CLASS = YES_ERROR;
				CLANG_WARN_QUOTED_INCLUDE_IN_FRAMEWORK_HEADER = YES;
				CLANG_WARN_RANGE_LOOP_ANALYSIS = YES;
				CLANG_WARN_STRICT_PROTOTYPES = YES;
				CLANG_WARN_SUSPICIOUS_MOVE = YES;
				CLANG_WARN_UNGUARDED_AVAILABILITY = YES_AGGRESSIVE;
				CLANG_WARN_UNREACHABLE_CODE = YES;
				CLANG_WARN__DUPLICATE_METHOD_MATCH = YES;
				COPY_PHASE_STRIP = NO;
				DEBUG_INFORMATION_FORMAT = dwarf;
				ENABLE_STRICT_OBJC_MSGSEND = YES;
				ENABLE_TESTABILITY = YES;
				GCC_C_LANGUAGE_STANDARD = gnu11;
				GCC_DYNAMIC_NO_PIC = NO;
				GCC_NO_COMMON_BLOCKS = YES;
				GCC_OPTIMIZATION_LEVEL = 0;
				GCC_PREPROCESSOR_DEFINITIONS = (
					"DEBUG=1",
					"$(inherited)",
				);
				GCC_WARN_64_TO_32_BIT_CONVERSION = YES;
				GCC_WARN_ABOUT_RETURN_TYPE = YES_ERROR;
				GCC_WARN_UNDECLARED_SELECTOR = YES;
				GCC_WARN_UNINITIALIZED_AUTOS = YES_AGGRESSIVE;
				GCC_WARN_UNUSED_FUNCTION = YES;
				GCC_WARN_UNUSED_VARIABLE = YES;
				IPHONEOS_DEPLOYMENT_TARGET = 16.2;
				MTL_ENABLE_DEBUG_INFO = INCLUDE_SOURCE;
				MTL_FAST_MATH = YES;
				ONLY_ACTIVE_ARCH = YES;
				SDKROOT = iphoneos;
				SWIFT_ACTIVE_COMPILATION_CONDITIONS = DEBUG;
				SWIFT_OPTIMIZATION_LEVEL = "-Onone";
			};
			name = Debug;
		};
		AEB59C782A9F15AE00EB1ECA /* Release */ = {
			isa = XCBuildConfiguration;
			buildSettings = {
				ALWAYS_SEARCH_USER_PATHS = NO;
				CLANG_ANALYZER_NONNULL = YES;
				CLANG_ANALYZER_NUMBER_OBJECT_CONVERSION = YES_AGGRESSIVE;
				CLANG_CXX_LANGUAGE_STANDARD = "gnu++20";
				CLANG_ENABLE_MODULES = YES;
				CLANG_ENABLE_OBJC_ARC = YES;
				CLANG_ENABLE_OBJC_WEAK = YES;
				CLANG_WARN_BLOCK_CAPTURE_AUTORELEASING = YES;
				CLANG_WARN_BOOL_CONVERSION = YES;
				CLANG_WARN_COMMA = YES;
				CLANG_WARN_CONSTANT_CONVERSION = YES;
				CLANG_WARN_DEPRECATED_OBJC_IMPLEMENTATIONS = YES;
				CLANG_WARN_DIRECT_OBJC_ISA_USAGE = YES_ERROR;
				CLANG_WARN_DOCUMENTATION_COMMENTS = YES;
				CLANG_WARN_EMPTY_BODY = YES;
				CLANG_WARN_ENUM_CONVERSION = YES;
				CLANG_WARN_INFINITE_RECURSION = YES;
				CLANG_WARN_INT_CONVERSION = YES;
				CLANG_WARN_NON_LITERAL_NULL_CONVERSION = YES;
				CLANG_WARN_OBJC_IMPLICIT_RETAIN_SELF = YES;
				CLANG_WARN_OBJC_LITERAL_CONVERSION = YES;
				CLANG_WARN_OBJC_ROOT_CLASS = YES_ERROR;
				CLANG_WARN_QUOTED_INCLUDE_IN_FRAMEWORK_HEADER = YES;
				CLANG_WARN_RANGE_LOOP_ANALYSIS = YES;
				CLANG_WARN_STRICT_PROTOTYPES = YES;
				CLANG_WARN_SUSPICIOUS_MOVE = YES;
				CLANG_WARN_UNGUARDED_AVAILABILITY = YES_AGGRESSIVE;
				CLANG_WARN_UNREACHABLE_CODE = YES;
				CLANG_WARN__DUPLICATE_METHOD_MATCH = YES;
				COPY_PHASE_STRIP = NO;
				DEBUG_INFORMATION_FORMAT = "dwarf-with-dsym";
				ENABLE_NS_ASSERTIONS = NO;
				ENABLE_STRICT_OBJC_MSGSEND = YES;
				GCC_C_LANGUAGE_STANDARD = gnu11;
				GCC_NO_COMMON_BLOCKS = YES;
				GCC_WARN_64_TO_32_BIT_CONVERSION = YES;
				GCC_WARN_ABOUT_RETURN_TYPE = YES_ERROR;
				GCC_WARN_UNDECLARED_SELECTOR = YES;
				GCC_WARN_UNINITIALIZED_AUTOS = YES_AGGRESSIVE;
				GCC_WARN_UNUSED_FUNCTION = YES;
				GCC_WARN_UNUSED_VARIABLE = YES;
				IPHONEOS_DEPLOYMENT_TARGET = 16.2;
				MTL_ENABLE_DEBUG_INFO = NO;
				MTL_FAST_MATH = YES;
				SDKROOT = iphoneos;
				SWIFT_COMPILATION_MODE = wholemodule;
				SWIFT_OPTIMIZATION_LEVEL = "-O";
				VALIDATE_PRODUCT = YES;
			};
			name = Release;
		};
		AEB59C7A2A9F15AE00EB1ECA /* Debug */ = {
			isa = XCBuildConfiguration;
			buildSettings = {
				ASSETCATALOG_COMPILER_APPICON_NAME = AppIcon;
				ASSETCATALOG_COMPILER_GLOBAL_ACCENT_COLOR_NAME = AccentColor;
				CODE_SIGN_STYLE = Automatic;
				CURRENT_PROJECT_VERSION = 1;
				DEVELOPMENT_ASSET_PATHS = "\"JuiceMaker/Preview Content\"";
				ENABLE_PREVIEWS = YES;
				GENERATE_INFOPLIST_FILE = YES;
				INFOPLIST_KEY_UIApplicationSceneManifest_Generation = YES;
				INFOPLIST_KEY_UIApplicationSupportsIndirectInputEvents = YES;
				INFOPLIST_KEY_UILaunchScreen_Generation = YES;
				INFOPLIST_KEY_UISupportedInterfaceOrientations_iPad = "UIInterfaceOrientationPortrait UIInterfaceOrientationPortraitUpsideDown UIInterfaceOrientationLandscapeLeft UIInterfaceOrientationLandscapeRight";
				INFOPLIST_KEY_UISupportedInterfaceOrientations_iPhone = "UIInterfaceOrientationPortrait UIInterfaceOrientationLandscapeLeft UIInterfaceOrientationLandscapeRight";
				LD_RUNPATH_SEARCH_PATHS = (
					"$(inherited)",
					"@executable_path/Frameworks",
				);
				MARKETING_VERSION = 1.0;
				PRODUCT_BUNDLE_IDENTIFIER = kr.co.jsa.JuiceMaker;
				PRODUCT_NAME = "$(TARGET_NAME)";
				SWIFT_EMIT_LOC_STRINGS = YES;
				SWIFT_VERSION = 5.0;
				TARGETED_DEVICE_FAMILY = "1,2";
			};
			name = Debug;
		};
		AEB59C7B2A9F15AE00EB1ECA /* Release */ = {
			isa = XCBuildConfiguration;
			buildSettings = {
				ASSETCATALOG_COMPILER_APPICON_NAME = AppIcon;
				ASSETCATALOG_COMPILER_GLOBAL_ACCENT_COLOR_NAME = AccentColor;
				CODE_SIGN_STYLE = Automatic;
				CURRENT_PROJECT_VERSION = 1;
				DEVELOPMENT_ASSET_PATHS = "\"JuiceMaker/Preview Content\"";
				ENABLE_PREVIEWS = YES;
				GENERATE_INFOPLIST_FILE = YES;
				INFOPLIST_KEY_UIApplicationSceneManifest_Generation = YES;
				INFOPLIST_KEY_UIApplicationSupportsIndirectInputEvents = YES;
				INFOPLIST_KEY_UILaunchScreen_Generation = YES;
				INFOPLIST_KEY_UISupportedInterfaceOrientations_iPad = "UIInterfaceOrientationPortrait UIInterfaceOrientationPortraitUpsideDown UIInterfaceOrientationLandscapeLeft UIInterfaceOrientationLandscapeRight";
				INFOPLIST_KEY_UISupportedInterfaceOrientations_iPhone = "UIInterfaceOrientationPortrait UIInterfaceOrientationLandscapeLeft UIInterfaceOrientationLandscapeRight";
				LD_RUNPATH_SEARCH_PATHS = (
					"$(inherited)",
					"@executable_path/Frameworks",
				);
				MARKETING_VERSION = 1.0;
				PRODUCT_BUNDLE_IDENTIFIER = kr.co.jsa.JuiceMaker;
				PRODUCT_NAME = "$(TARGET_NAME)";
				SWIFT_EMIT_LOC_STRINGS = YES;
				SWIFT_VERSION = 5.0;
				TARGETED_DEVICE_FAMILY = "1,2";
			};
			name = Release;
		};
/* End XCBuildConfiguration section */

/* Begin XCConfigurationList section */
		AEB59C662A9F15AD00EB1ECA /* Build configuration list for PBXProject "JuiceMaker" */ = {
			isa = XCConfigurationList;
			buildConfigurations = (
				AEB59C772A9F15AE00EB1ECA /* Debug */,
				AEB59C782A9F15AE00EB1ECA /* Release */,
			);
			defaultConfigurationIsVisible = 0;
			defaultConfigurationName = Release;
		};
		AEB59C792A9F15AE00EB1ECA /* Build configuration list for PBXNativeTarget "JuiceMaker" */ = {
			isa = XCConfigurationList;
			buildConfigurations = (
				AEB59C7A2A9F15AE00EB1ECA /* Debug */,
				AEB59C7B2A9F15AE00EB1ECA /* Release */,
			);
			defaultConfigurationIsVisible = 0;
			defaultConfigurationName = Release;
		};
/* End XCConfigurationList section */

/* Begin XCRemoteSwiftPackageReference section */
		AEB59C852A9F19E900EB1ECA /* XCRemoteSwiftPackageReference "swift-composable-architecture" */ = {
			isa = XCRemoteSwiftPackageReference;
			repositoryURL = "https://github.com/pointfreeco/swift-composable-architecture";
			requirement = {
				kind = upToNextMajorVersion;
				minimumVersion = 1.0.0;
			};
		};
/* End XCRemoteSwiftPackageReference section */

/* Begin XCSwiftPackageProductDependency section */
		AEB59C862A9F19E900EB1ECA /* ComposableArchitecture */ = {
			isa = XCSwiftPackageProductDependency;
			package = AEB59C852A9F19E900EB1ECA /* XCRemoteSwiftPackageReference "swift-composable-architecture" */;
			productName = ComposableArchitecture;
		};
/* End XCSwiftPackageProductDependency section */
	};
	rootObject = AEB59C632A9F15AD00EB1ECA /* Project object */;
}
